// !$*UTF8*$!
{
	archiveVersion = 1;
	classes = {
	};
	objectVersion = 46;
	objects = {

/* Begin PBXBuildFile section */
		39886F181B2BC00500F2937C /* AppDelegate.swift in Sources */ = {isa = PBXBuildFile; fileRef = 39886F171B2BC00500F2937C /* AppDelegate.swift */; };
		39886F1A1B2BC00500F2937C /* ViewController.swift in Sources */ = {isa = PBXBuildFile; fileRef = 39886F191B2BC00500F2937C /* ViewController.swift */; };
		39886F1D1B2BC00500F2937C /* Main.storyboard in Resources */ = {isa = PBXBuildFile; fileRef = 39886F1B1B2BC00500F2937C /* Main.storyboard */; };
		39886F1F1B2BC00500F2937C /* Images.xcassets in Resources */ = {isa = PBXBuildFile; fileRef = 39886F1E1B2BC00500F2937C /* Images.xcassets */; };
		39886F221B2BC00500F2937C /* LaunchScreen.xib in Resources */ = {isa = PBXBuildFile; fileRef = 39886F201B2BC00500F2937C /* LaunchScreen.xib */; };
		39886F2E1B2BC00500F2937C /* freefallTests.swift in Sources */ = {isa = PBXBuildFile; fileRef = 39886F2D1B2BC00500F2937C /* freefallTests.swift */; };
/* End PBXBuildFile section */

/* Begin PBXContainerItemProxy section */
		39886F281B2BC00500F2937C /* PBXContainerItemProxy */ = {
			isa = PBXContainerItemProxy;
			containerPortal = 39886F0A1B2BC00500F2937C /* Project object */;
			proxyType = 1;
			remoteGlobalIDString = 39886F111B2BC00500F2937C;
			remoteInfo = freefall;
		};
/* End PBXContainerItemProxy section */

/* Begin PBXFileReference section */
		39886F121B2BC00500F2937C /* freefall.app */ = {isa = PBXFileReference; explicitFileType = wrapper.application; includeInIndex = 0; path = freefall.app; sourceTree = BUILT_PRODUCTS_DIR; };
		39886F161B2BC00500F2937C /* Info.plist */ = {isa = PBXFileReference; lastKnownFileType = text.plist.xml; path = Info.plist; sourceTree = "<group>"; };
		39886F171B2BC00500F2937C /* AppDelegate.swift */ = {isa = PBXFileReference; lastKnownFileType = sourcecode.swift; path = AppDelegate.swift; sourceTree = "<group>"; };
		39886F191B2BC00500F2937C /* ViewController.swift */ = {isa = PBXFileReference; lastKnownFileType = sourcecode.swift; path = ViewController.swift; sourceTree = "<group>"; };
		39886F1C1B2BC00500F2937C /* Base */ = {isa = PBXFileReference; lastKnownFileType = file.storyboard; name = Base; path = Base.lproj/Main.storyboard; sourceTree = "<group>"; };
		39886F1E1B2BC00500F2937C /* Images.xcassets */ = {isa = PBXFileReference; lastKnownFileType = folder.assetcatalog; path = Images.xcassets; sourceTree = "<group>"; };
		39886F211B2BC00500F2937C /* Base */ = {isa = PBXFileReference; lastKnownFileType = file.xib; name = Base; path = Base.lproj/LaunchScreen.xib; sourceTree = "<group>"; };
		39886F271B2BC00500F2937C /* freefallTests.xctest */ = {isa = PBXFileReference; explicitFileType = wrapper.cfbundle; includeInIndex = 0; path = freefallTests.xctest; sourceTree = BUILT_PRODUCTS_DIR; };
		39886F2C1B2BC00500F2937C /* Info.plist */ = {isa = PBXFileReference; lastKnownFileType = text.plist.xml; path = Info.plist; sourceTree = "<group>"; };
		39886F2D1B2BC00500F2937C /* freefallTests.swift */ = {isa = PBXFileReference; lastKnownFileType = sourcecode.swift; path = freefallTests.swift; sourceTree = "<group>"; };
/* End PBXFileReference section */

/* Begin PBXFrameworksBuildPhase section */
		39886F0F1B2BC00500F2937C /* Frameworks */ = {
			isa = PBXFrameworksBuildPhase;
			buildActionMask = 2147483647;
			files = (
			);
			runOnlyForDeploymentPostprocessing = 0;
		};
		39886F241B2BC00500F2937C /* Frameworks */ = {
			isa = PBXFrameworksBuildPhase;
			buildActionMask = 2147483647;
			files = (
			);
			runOnlyForDeploymentPostprocessing = 0;
		};
/* End PBXFrameworksBuildPhase section */

/* Begin PBXGroup section */
		39886F091B2BC00500F2937C = {
			isa = PBXGroup;
			children = (
				39886F141B2BC00500F2937C /* freefall */,
				39886F2A1B2BC00500F2937C /* freefallTests */,
				39886F131B2BC00500F2937C /* Products */,
			);
			sourceTree = "<group>";
		};
		39886F131B2BC00500F2937C /* Products */ = {
			isa = PBXGroup;
			children = (
				39886F121B2BC00500F2937C /* freefall.app */,
				39886F271B2BC00500F2937C /* freefallTests.xctest */,
			);
			name = Products;
			sourceTree = "<group>";
		};
		39886F141B2BC00500F2937C /* freefall */ = {
			isa = PBXGroup;
			children = (
				39886F171B2BC00500F2937C /* AppDelegate.swift */,
				39886F191B2BC00500F2937C /* ViewController.swift */,
				39886F1B1B2BC00500F2937C /* Main.storyboard */,
				39886F1E1B2BC00500F2937C /* Images.xcassets */,
				39886F201B2BC00500F2937C /* LaunchScreen.xib */,
				39886F151B2BC00500F2937C /* Supporting Files */,
			);
			path = freefall;
			sourceTree = "<group>";
		};
		39886F151B2BC00500F2937C /* Supporting Files */ = {
			isa = PBXGroup;
			children = (
				39886F161B2BC00500F2937C /* Info.plist */,
			);
			name = "Supporting Files";
			sourceTree = "<group>";
		};
		39886F2A1B2BC00500F2937C /* freefallTests */ = {
			isa = PBXGroup;
			children = (
				39886F2D1B2BC00500F2937C /* freefallTests.swift */,
				39886F2B1B2BC00500F2937C /* Supporting Files */,
			);
			path = freefallTests;
			sourceTree = "<group>";
		};
		39886F2B1B2BC00500F2937C /* Supporting Files */ = {
			isa = PBXGroup;
			children = (
				39886F2C1B2BC00500F2937C /* Info.plist */,
			);
			name = "Supporting Files";
			sourceTree = "<group>";
		};
/* End PBXGroup section */

/* Begin PBXNativeTarget section */
		39886F111B2BC00500F2937C /* freefall */ = {
			isa = PBXNativeTarget;
			buildConfigurationList = 39886F311B2BC00500F2937C /* Build configuration list for PBXNativeTarget "freefall" */;
			buildPhases = (
				39886F0E1B2BC00500F2937C /* Sources */,
				39886F0F1B2BC00500F2937C /* Frameworks */,
				39886F101B2BC00500F2937C /* Resources */,
			);
			buildRules = (
			);
			dependencies = (
			);
			name = freefall;
			productName = freefall;
			productReference = 39886F121B2BC00500F2937C /* freefall.app */;
			productType = "com.apple.product-type.application";
		};
		39886F261B2BC00500F2937C /* freefallTests */ = {
			isa = PBXNativeTarget;
			buildConfigurationList = 39886F341B2BC00500F2937C /* Build configuration list for PBXNativeTarget "freefallTests" */;
			buildPhases = (
				39886F231B2BC00500F2937C /* Sources */,
				39886F241B2BC00500F2937C /* Frameworks */,
				39886F251B2BC00500F2937C /* Resources */,
			);
			buildRules = (
			);
			dependencies = (
				39886F291B2BC00500F2937C /* PBXTargetDependency */,
			);
			name = freefallTests;
			productName = freefallTests;
			productReference = 39886F271B2BC00500F2937C /* freefallTests.xctest */;
			productType = "com.apple.product-type.bundle.unit-test";
		};
/* End PBXNativeTarget section */

/* Begin PBXProject section */
		39886F0A1B2BC00500F2937C /* Project object */ = {
			isa = PBXProject;
			attributes = {
				LastSwiftUpdateCheck = 0720;
				LastUpgradeCheck = 0630;
				ORGANIZATIONNAME = shinokiryosei;
				TargetAttributes = {
					39886F111B2BC00500F2937C = {
						CreatedOnToolsVersion = 6.3.2;
					};
					39886F261B2BC00500F2937C = {
						CreatedOnToolsVersion = 6.3.2;
						TestTargetID = 39886F111B2BC00500F2937C;
					};
				};
			};
			buildConfigurationList = 39886F0D1B2BC00500F2937C /* Build configuration list for PBXProject "freefall" */;
			compatibilityVersion = "Xcode 3.2";
			developmentRegion = English;
			hasScannedForEncodings = 0;
			knownRegions = (
				en,
				Base,
			);
			mainGroup = 39886F091B2BC00500F2937C;
			productRefGroup = 39886F131B2BC00500F2937C /* Products */;
			projectDirPath = "";
			projectRoot = "";
			targets = (
				39886F111B2BC00500F2937C /* freefall */,
				39886F261B2BC00500F2937C /* freefallTests */,
			);
		};
/* End PBXProject section */

/* Begin PBXResourcesBuildPhase section */
		39886F101B2BC00500F2937C /* Resources */ = {
			isa = PBXResourcesBuildPhase;
			buildActionMask = 2147483647;
			files = (
				39886F1D1B2BC00500F2937C /* Main.storyboard in Resources */,
				39886F221B2BC00500F2937C /* LaunchScreen.xib in Resources */,
				39886F1F1B2BC00500F2937C /* Images.xcassets in Resources */,
			);
			runOnlyForDeploymentPostprocessing = 0;
		};
		39886F251B2BC00500F2937C /* Resources */ = {
			isa = PBXResourcesBuildPhase;
			buildActionMask = 2147483647;
			files = (
			);
			runOnlyForDeploymentPostprocessing = 0;
		};
/* End PBXResourcesBuildPhase section */

/* Begin PBXSourcesBuildPhase section */
		39886F0E1B2BC00500F2937C /* Sources */ = {
			isa = PBXSourcesBuildPhase;
			buildActionMask = 2147483647;
			files = (
				39886F1A1B2BC00500F2937C /* ViewController.swift in Sources */,
				39886F181B2BC00500F2937C /* AppDelegate.swift in Sources */,
			);
			runOnlyForDeploymentPostprocessing = 0;
		};
		39886F231B2BC00500F2937C /* Sources */ = {
			isa = PBXSourcesBuildPhase;
			buildActionMask = 2147483647;
			files = (
				39886F2E1B2BC00500F2937C /* freefallTests.swift in Sources */,
			);
			runOnlyForDeploymentPostprocessing = 0;
		};
/* End PBXSourcesBuildPhase section */

/* Begin PBXTargetDependency section */
		39886F291B2BC00500F2937C /* PBXTargetDependency */ = {
			isa = PBXTargetDependency;
			target = 39886F111B2BC00500F2937C /* freefall */;
			targetProxy = 39886F281B2BC00500F2937C /* PBXContainerItemProxy */;
		};
/* End PBXTargetDependency section */

/* Begin PBXVariantGroup section */
		39886F1B1B2BC00500F2937C /* Main.storyboard */ = {
			isa = PBXVariantGroup;
			children = (
				39886F1C1B2BC00500F2937C /* Base */,
			);
			name = Main.storyboard;
			sourceTree = "<group>";
		};
		39886F201B2BC00500F2937C /* LaunchScreen.xib */ = {
			isa = PBXVariantGroup;
			children = (
				39886F211B2BC00500F2937C /* Base */,
			);
			name = LaunchScreen.xib;
			sourceTree = "<group>";
		};
/* End PBXVariantGroup section */

/* Begin XCBuildConfiguration section */
		39886F2F1B2BC00500F2937C /* Debug */ = {
			isa = XCBuildConfiguration;
			buildSettings = {
				ALWAYS_SEARCH_USER_PATHS = NO;
				CLANG_CXX_LANGUAGE_STANDARD = "gnu++0x";
				CLANG_CXX_LIBRARY = "libc++";
				CLANG_ENABLE_MODULES = YES;
				CLANG_ENABLE_OBJC_ARC = YES;
				CLANG_WARN_BOOL_CONVERSION = YES;
				CLANG_WARN_CONSTANT_CONVERSION = YES;
				CLANG_WARN_DIRECT_OBJC_ISA_USAGE = YES_ERROR;
				CLANG_WARN_EMPTY_BODY = YES;
				CLANG_WARN_ENUM_CONVERSION = YES;
				CLANG_WARN_INT_CONVERSION = YES;
				CLANG_WARN_OBJC_ROOT_CLASS = YES_ERROR;
				CLANG_WARN_UNREACHABLE_CODE = YES;
				CLANG_WARN__DUPLICATE_METHOD_MATCH = YES;
				"CODE_SIGN_IDENTITY[sdk=iphoneos*]" = "iPhone Developer";
				COPY_PHASE_STRIP = NO;
				DEBUG_INFORMATION_FORMAT = "dwarf-with-dsym";
				ENABLE_STRICT_OBJC_MSGSEND = YES;
				GCC_C_LANGUAGE_STANDARD = gnu99;
				GCC_DYNAMIC_NO_PIC = NO;
				GCC_NO_COMMON_BLOCKS = YES;
				GCC_OPTIMIZATION_LEVEL = 0;
				GCC_PREPROCESSOR_DEFINITIONS = (
					"DEBUG=1",
					"$(inherited)",
				);
				GCC_SYMBOLS_PRIVATE_EXTERN = NO;
				GCC_WARN_64_TO_32_BIT_CONVERSION = YES;
				GCC_WARN_ABOUT_RETURN_TYPE = YES_ERROR;
				GCC_WARN_UNDECLARED_SELECTOR = YES;
				GCC_WARN_UNINITIALIZED_AUTOS = YES_AGGRESSIVE;
				GCC_WARN_UNUSED_FUNCTION = YES;
				GCC_WARN_UNUSED_VARIABLE = YES;
				IPHONEOS_DEPLOYMENT_TARGET = 8.3;
				MTL_ENABLE_DEBUG_INFO = YES;
				ONLY_ACTIVE_ARCH = YES;
				SDKROOT = iphoneos;
				SWIFT_OPTIMIZATION_LEVEL = "-Onone";
			};
			name = Debug;
		};
		39886F301B2BC00500F2937C /* Release */ = {
			isa = XCBuildConfiguration;
			buildSettings = {
				ALWAYS_SEARCH_USER_PATHS = NO;
				CLANG_CXX_LANGUAGE_STANDARD = "gnu++0x";
				CLANG_CXX_LIBRARY = "libc++";
				CLANG_ENABLE_MODULES = YES;
				CLANG_ENABLE_OBJC_ARC = YES;
				CLANG_WARN_BOOL_CONVERSION = YES;
				CLANG_WARN_CONSTANT_CONVERSION = YES;
				CLANG_WARN_DIRECT_OBJC_ISA_USAGE = YES_ERROR;
				CLANG_WARN_EMPTY_BODY = YES;
				CLANG_WARN_ENUM_CONVERSION = YES;
				CLANG_WARN_INT_CONVERSION = YES;
				CLANG_WARN_OBJC_ROOT_CLASS = YES_ERROR;
				CLANG_WARN_UNREACHABLE_CODE = YES;
				CLANG_WARN__DUPLICATE_METHOD_MATCH = YES;
				"CODE_SIGN_IDENTITY[sdk=iphoneos*]" = "iPhone Developer";
				COPY_PHASE_STRIP = NO;
				DEBUG_INFORMATION_FORMAT = "dwarf-with-dsym";
				ENABLE_NS_ASSERTIONS = NO;
				ENABLE_STRICT_OBJC_MSGSEND = YES;
				GCC_C_LANGUAGE_STANDARD = gnu99;
				GCC_NO_COMMON_BLOCKS = YES;
				GCC_WARN_64_TO_32_BIT_CONVERSION = YES;
				GCC_WARN_ABOUT_RETURN_TYPE = YES_ERROR;
				GCC_WARN_UNDECLARED_SELECTOR = YES;
				GCC_WARN_UNINITIALIZED_AUTOS = YES_AGGRESSIVE;
				GCC_WARN_UNUSED_FUNCTION = YES;
				GCC_WARN_UNUSED_VARIABLE = YES;
				IPHONEOS_DEPLOYMENT_TARGET = 8.3;
				MTL_ENABLE_DEBUG_INFO = NO;
				SDKROOT = iphoneos;
				VALIDATE_PRODUCT = YES;
			};
			name = Release;
		};
		39886F321B2BC00500F2937C /* Debug */ = {
			isa = XCBuildConfiguration;
			buildSettings = {
				ASSETCATALOG_COMPILER_APPICON_NAME = AppIcon;
				INFOPLIST_FILE = freefall/Info.plist;
				LD_RUNPATH_SEARCH_PATHS = "$(inherited) @executable_path/Frameworks";
				PRODUCT_NAME = "$(TARGET_NAME)";
			};
			name = Debug;
		};
		39886F331B2BC00500F2937C /* Release */ = {
			isa = XCBuildConfiguration;
			buildSettings = {
				ASSETCATALOG_COMPILER_APPICON_NAME = AppIcon;
				INFOPLIST_FILE = freefall/Info.plist;
				LD_RUNPATH_SEARCH_PATHS = "$(inherited) @executable_path/Frameworks";
				PRODUCT_NAME = "$(TARGET_NAME)";
			};
			name = Release;
		};
		39886F351B2BC00500F2937C /* Debug */ = {
			isa = XCBuildConfiguration;
			buildSettings = {
				BUNDLE_LOADER = "$(TEST_HOST)";
				FRAMEWORK_SEARCH_PATHS = (
					"$(SDKROOT)/Developer/Library/Frameworks",
					"$(inherited)",
				);
				GCC_PREPROCESSOR_DEFINITIONS = (
					"DEBUG=1",
					"$(inherited)",
				);
				INFOPLIST_FILE = freefallTests/Info.plist;
				LD_RUNPATH_SEARCH_PATHS = "$(inherited) @executable_path/Frameworks @loader_path/Frameworks";
				PRODUCT_NAME = "$(TARGET_NAME)";
				TEST_HOST = "$(BUILT_PRODUCTS_DIR)/freefall.app/freefall";
			};
			name = Debug;
		};
		39886F361B2BC00500F2937C /* Release */ = {
			isa = XCBuildConfiguration;
			buildSettings = {
				BUNDLE_LOADER = "$(TEST_HOST)";
				FRAMEWORK_SEARCH_PATHS = (
					"$(SDKROOT)/Developer/Library/Frameworks",
					"$(inherited)",
				);
				INFOPLIST_FILE = freefallTests/Info.plist;
				LD_RUNPATH_SEARCH_PATHS = "$(inherited) @executable_path/Frameworks @loader_path/Frameworks";
				PRODUCT_NAME = "$(TARGET_NAME)";
				TEST_HOST = "$(BUILT_PRODUCTS_DIR)/freefall.app/freefall";
			};
			name = Release;
		};
/* End XCBuildConfiguration section */

/* Begin XCConfigurationList section */
		39886F0D1B2BC00500F2937C /* Build configuration list for PBXProject "freefall" */ = {
			isa = XCConfigurationList;
			buildConfigurations = (
				39886F2F1B2BC00500F2937C /* Debug */,
				39886F301B2BC00500F2937C /* Release */,
			);
			defaultConfigurationIsVisible = 0;
			defaultConfigurationName = Release;
		};
		39886F311B2BC00500F2937C /* Build configuration list for PBXNativeTarget "freefall" */ = {
			isa = XCConfigurationList;
			buildConfigurations = (
				39886F321B2BC00500F2937C /* Debug */,
				39886F331B2BC00500F2937C /* Release */,
			);
			defaultConfigurationIsVisible = 0;
			defaultConfigurationName = Release;
		};
		39886F341B2BC00500F2937C /* Build configuration list for PBXNativeTarget "freefallTests" */ = {
			isa = XCConfigurationList;
			buildConfigurations = (
				39886F351B2BC00500F2937C /* Debug */,
				39886F361B2BC00500F2937C /* Release */,
			);
			defaultConfigurationIsVisible = 0;
			defaultConfigurationName = Release;
		};
/* End XCConfigurationList section */
	};
	rootObject = 39886F0A1B2BC00500F2937C /* Project object */;
}
